
Microsoft Visual Studio Solution File, Format Version 12.00
# Visual Studio Express 2013 for Windows Desktop
VisualStudioVersion = 12.0.21005.1
MinimumVisualStudioVersion = 10.0.40219.1
Project("{FAE04EC0-301F-11D3-BF4B-00C04F79EFBC}") = "Prototype", "Prototype\Prototype.csproj", "{705522B1-85D7-4316-BD65-D33A4C9CF9E3}"
EndProject
Project("{FAE04EC0-301F-11D3-BF4B-00C04F79EFBC}") = "FactoryMethod", "FactoryMethod\FactoryMethod.csproj", "{3B28FF0D-F53E-4133-B703-CADFC27FD81F}"
EndProject
Project("{FAE04EC0-301F-11D3-BF4B-00C04F79EFBC}") = "Bridge", "Bridge\Bridge.csproj", "{AD2E4AEF-EE47-4483-B810-9DCBFA98604B}"
EndProject
Project("{FAE04EC0-301F-11D3-BF4B-00C04F79EFBC}") = "Flyweight", "Flyweight\Flyweight.csproj", "{8E442F3C-722D-48ED-A303-5E39823C108D}"
EndProject
Project("{FAE04EC0-301F-11D3-BF4B-00C04F79EFBC}") = "Facade", "Facade\Facade.csproj", "{794DB8C8-D153-4F5A-B308-2DE3186FA45A}"
EndProject
Project("{FAE04EC0-301F-11D3-BF4B-00C04F79EFBC}") = "ChainOfResponsibility", "ChainOfResponsibility\ChainOfResponsibility.csproj", "{9DFCAFB5-05DD-417C-BEA5-399DD5E209EA}"
EndProject
Project("{FAE04EC0-301F-11D3-BF4B-00C04F79EFBC}") = "TemplateMethod", "TemplateMethod\TemplateMethod.csproj", "{CEB79233-4AAC-4800-BB39-083BCB9D47CD}"
EndProject
Project("{FAE04EC0-301F-11D3-BF4B-00C04F79EFBC}") = "Mediator", "Mediator\Mediator.csproj", "{6B494F4E-0BBD-4689-B88A-C920DD4A2A70}"
EndProject
Global
	GlobalSection(SolutionConfigurationPlatforms) = preSolution
		Debug|Any CPU = Debug|Any CPU
		Release|Any CPU = Release|Any CPU
	EndGlobalSection
	GlobalSection(ProjectConfigurationPlatforms) = postSolution
		{705522B1-85D7-4316-BD65-D33A4C9CF9E3}.Debug|Any CPU.ActiveCfg = Debug|Any CPU
		{705522B1-85D7-4316-BD65-D33A4C9CF9E3}.Debug|Any CPU.Build.0 = Debug|Any CPU
		{705522B1-85D7-4316-BD65-D33A4C9CF9E3}.Release|Any CPU.ActiveCfg = Release|Any CPU
		{705522B1-85D7-4316-BD65-D33A4C9CF9E3}.Release|Any CPU.Build.0 = Release|Any CPU
		{3B28FF0D-F53E-4133-B703-CADFC27FD81F}.Debug|Any CPU.ActiveCfg = Debug|Any CPU
		{3B28FF0D-F53E-4133-B703-CADFC27FD81F}.Debug|Any CPU.Build.0 = Debug|Any CPU
		{3B28FF0D-F53E-4133-B703-CADFC27FD81F}.Release|Any CPU.ActiveCfg = Release|Any CPU
		{3B28FF0D-F53E-4133-B703-CADFC27FD81F}.Release|Any CPU.Build.0 = Release|Any CPU
		{AD2E4AEF-EE47-4483-B810-9DCBFA98604B}.Debug|Any CPU.ActiveCfg = Debug|Any CPU
		{AD2E4AEF-EE47-4483-B810-9DCBFA98604B}.Debug|Any CPU.Build.0 = Debug|Any CPU
		{AD2E4AEF-EE47-4483-B810-9DCBFA98604B}.Release|Any CPU.ActiveCfg = Release|Any CPU
		{AD2E4AEF-EE47-4483-B810-9DCBFA98604B}.Release|Any CPU.Build.0 = Release|Any CPU
		{8E442F3C-722D-48ED-A303-5E39823C108D}.Debug|Any CPU.ActiveCfg = Debug|Any CPU
		{8E442F3C-722D-48ED-A303-5E39823C108D}.Debug|Any CPU.Build.0 = Debug|Any CPU
		{8E442F3C-722D-48ED-A303-5E39823C108D}.Release|Any CPU.ActiveCfg = Release|Any CPU
		{8E442F3C-722D-48ED-A303-5E39823C108D}.Release|Any CPU.Build.0 = Release|Any CPU
		{794DB8C8-D153-4F5A-B308-2DE3186FA45A}.Debug|Any CPU.ActiveCfg = Debug|Any CPU
		{794DB8C8-D153-4F5A-B308-2DE3186FA45A}.Debug|Any CPU.Build.0 = Debug|Any CPU
		{794DB8C8-D153-4F5A-B308-2DE3186FA45A}.Release|Any CPU.ActiveCfg = Release|Any CPU
		{794DB8C8-D153-4F5A-B308-2DE3186FA45A}.Release|Any CPU.Build.0 = Release|Any CPU
		{9DFCAFB5-05DD-417C-BEA5-399DD5E209EA}.Debug|Any CPU.ActiveCfg = Debug|Any CPU
		{9DFCAFB5-05DD-417C-BEA5-399DD5E209EA}.Debug|Any CPU.Build.0 = Debug|Any CPU
		{9DFCAFB5-05DD-417C-BEA5-399DD5E209EA}.Release|Any CPU.ActiveCfg = Release|Any CPU
		{9DFCAFB5-05DD-417C-BEA5-399DD5E209EA}.Release|Any CPU.Build.0 = Release|Any CPU
		{CEB79233-4AAC-4800-BB39-083BCB9D47CD}.Debug|Any CPU.ActiveCfg = Debug|Any CPU
		{CEB79233-4AAC-4800-BB39-083BCB9D47CD}.Debug|Any CPU.Build.0 = Debug|Any CPU
		{CEB79233-4AAC-4800-BB39-083BCB9D47CD}.Release|Any CPU.ActiveCfg = Release|Any CPU
		{CEB79233-4AAC-4800-BB39-083BCB9D47CD}.Release|Any CPU.Build.0 = Release|Any CPU
		{6B494F4E-0BBD-4689-B88A-C920DD4A2A70}.Debug|Any CPU.ActiveCfg = Debug|Any CPU
		{6B494F4E-0BBD-4689-B88A-C920DD4A2A70}.Debug|Any CPU.Build.0 = Debug|Any CPU
		{6B494F4E-0BBD-4689-B88A-C920DD4A2A70}.Release|Any CPU.ActiveCfg = Release|Any CPU
		{6B494F4E-0BBD-4689-B88A-C920DD4A2A70}.Release|Any CPU.Build.0 = Release|Any CPU
	EndGlobalSection
	GlobalSection(SolutionProperties) = preSolution
		HideSolutionNode = FALSE
	EndGlobalSection
EndGlobal
